
Microsoft Visual Studio Solution File, Format Version 12.00
# Visual Studio Version 17
VisualStudioVersion = 17.5.33530.505
MinimumVisualStudioVersion = 10.0.40219.1
Project("{9A19103F-16F7-4668-BE54-9A1E7A4F7556}") = "CampaignMailer", "CampaignMailer.csproj", "{16F0BD51-C2E7-4EB8-AE9B-4EB7C581514D}"
EndProject
Global
	GlobalSection(SolutionConfigurationPlatforms) = preSolution
		Debug|Any CPU = Debug|Any CPU
		Release|Any CPU = Release|Any CPU
	EndGlobalSection
	GlobalSection(ProjectConfigurationPlatforms) = postSolution
		{16F0BD51-C2E7-4EB8-AE9B-4EB7C581514D}.Debug|Any CPU.ActiveCfg = Debug|Any CPU
		{16F0BD51-C2E7-4EB8-AE9B-4EB7C581514D}.Debug|Any CPU.Build.0 = Debug|Any CPU
		{16F0BD51-C2E7-4EB8-AE9B-4EB7C581514D}.Release|Any CPU.ActiveCfg = Release|Any CPU
		{16F0BD51-C2E7-4EB8-AE9B-4EB7C581514D}.Release|Any CPU.Build.0 = Release|Any CPU
	EndGlobalSection
	GlobalSection(SolutionProperties) = preSolution
		HideSolutionNode = FALSE
	EndGlobalSection
	GlobalSection(ExtensibilityGlobals) = postSolution
		SolutionGuid = {62DA1E9A-F9D8-434B-B307-556CA292AE50}
	EndGlobalSection
EndGlobal
